
Microsoft Visual Studio Solution File, Format Version 12.00
# Visual Studio Version 16
VisualStudioVersion = 16.0.810.16
MinimumVisualStudioVersion = 10.0.40219.1
Project("{FAE04EC0-301F-11D3-BF4B-00C04F79EFBC}") = "Clicker", "Clicker\Clicker.csproj", "{18A3C506-92C4-4E11-84B8-908C81AF3FE8}"
EndProject
Global
	GlobalSection(SolutionConfigurationPlatforms) = preSolution
		Debug|Any CPU = Debug|Any CPU
		Release|Any CPU = Release|Any CPU
	EndGlobalSection
	GlobalSection(ProjectConfigurationPlatforms) = postSolution
		{18A3C506-92C4-4E11-84B8-908C81AF3FE8}.Debug|Any CPU.ActiveCfg = Debug|Any CPU
		{18A3C506-92C4-4E11-84B8-908C81AF3FE8}.Debug|Any CPU.Build.0 = Debug|Any CPU
		{18A3C506-92C4-4E11-84B8-908C81AF3FE8}.Release|Any CPU.ActiveCfg = Release|Any CPU
		{18A3C506-92C4-4E11-84B8-908C81AF3FE8}.Release|Any CPU.Build.0 = Release|Any CPU
	EndGlobalSection
	GlobalSection(SolutionProperties) = preSolution
		HideSolutionNode = FALSE
	EndGlobalSection
	GlobalSection(ExtensibilityGlobals) = postSolution
		SolutionGuid = {21DD4425-9ED9-45FF-93BD-D6AC3ACF70E4}
	EndGlobalSection
EndGlobal
